// !$*UTF8*$!
{
	archiveVersion = 1;
	classes = {
	};
	objectVersion = 46;
	objects = {

/* Begin PBXBuildFile section */
		F7165F231E4842E200A2955C /* CreateTaskViewController.swift in Sources */ = {isa = PBXBuildFile; fileRef = F7165F221E4842E200A2955C /* CreateTaskViewController.swift */; };
		F7165F251E4846D900A2955C /* SelectViewController.swift in Sources */ = {isa = PBXBuildFile; fileRef = F7165F241E4846D900A2955C /* SelectViewController.swift */; };
		F7C6E1161E48347700963F14 /* AppDelegate.swift in Sources */ = {isa = PBXBuildFile; fileRef = F7C6E1151E48347700963F14 /* AppDelegate.swift */; };
		F7C6E1181E48347700963F14 /* ViewController.swift in Sources */ = {isa = PBXBuildFile; fileRef = F7C6E1171E48347700963F14 /* ViewController.swift */; };
		F7C6E11B1E48347800963F14 /* Main.storyboard in Resources */ = {isa = PBXBuildFile; fileRef = F7C6E1191E48347800963F14 /* Main.storyboard */; };
		F7C6E11E1E48347800963F14 /* TaskScheduler.xcdatamodeld in Sources */ = {isa = PBXBuildFile; fileRef = F7C6E11C1E48347800963F14 /* TaskScheduler.xcdatamodeld */; };
		F7C6E1201E48347800963F14 /* Assets.xcassets in Resources */ = {isa = PBXBuildFile; fileRef = F7C6E11F1E48347800963F14 /* Assets.xcassets */; };
		F7C6E1231E48347800963F14 /* LaunchScreen.storyboard in Resources */ = {isa = PBXBuildFile; fileRef = F7C6E1211E48347800963F14 /* LaunchScreen.storyboard */; };
/* End PBXBuildFile section */

/* Begin PBXFileReference section */
		F7165F221E4842E200A2955C /* CreateTaskViewController.swift */ = {isa = PBXFileReference; fileEncoding = 4; lastKnownFileType = sourcecode.swift; path = CreateTaskViewController.swift; sourceTree = "<group>"; };
		F7165F241E4846D900A2955C /* SelectViewController.swift */ = {isa = PBXFileReference; fileEncoding = 4; lastKnownFileType = sourcecode.swift; path = SelectViewController.swift; sourceTree = "<group>"; };
		F7C6E1121E48347700963F14 /* TaskScheduler.app */ = {isa = PBXFileReference; explicitFileType = wrapper.application; includeInIndex = 0; path = TaskScheduler.app; sourceTree = BUILT_PRODUCTS_DIR; };
		F7C6E1151E48347700963F14 /* AppDelegate.swift */ = {isa = PBXFileReference; lastKnownFileType = sourcecode.swift; path = AppDelegate.swift; sourceTree = "<group>"; };
		F7C6E1171E48347700963F14 /* ViewController.swift */ = {isa = PBXFileReference; lastKnownFileType = sourcecode.swift; path = ViewController.swift; sourceTree = "<group>"; };
		F7C6E11A1E48347800963F14 /* Base */ = {isa = PBXFileReference; lastKnownFileType = file.storyboard; name = Base; path = Base.lproj/Main.storyboard; sourceTree = "<group>"; };
		F7C6E11D1E48347800963F14 /* TaskScheduler.xcdatamodel */ = {isa = PBXFileReference; lastKnownFileType = wrapper.xcdatamodel; path = TaskScheduler.xcdatamodel; sourceTree = "<group>"; };
		F7C6E11F1E48347800963F14 /* Assets.xcassets */ = {isa = PBXFileReference; lastKnownFileType = folder.assetcatalog; path = Assets.xcassets; sourceTree = "<group>"; };
		F7C6E1221E48347800963F14 /* Base */ = {isa = PBXFileReference; lastKnownFileType = file.storyboard; name = Base; path = Base.lproj/LaunchScreen.storyboard; sourceTree = "<group>"; };
		F7C6E1241E48347800963F14 /* Info.plist */ = {isa = PBXFileReference; lastKnownFileType = text.plist.xml; path = Info.plist; sourceTree = "<group>"; };
/* End PBXFileReference section */

/* Begin PBXFrameworksBuildPhase section */
		F7C6E10F1E48347700963F14 /* Frameworks */ = {
			isa = PBXFrameworksBuildPhase;
			buildActionMask = 2147483647;
			files = (
			);
			runOnlyForDeploymentPostprocessing = 0;
		};
/* End PBXFrameworksBuildPhase section */

/* Begin PBXGroup section */
		F7C6E1091E48347700963F14 = {
			isa = PBXGroup;
			children = (
				F7C6E1141E48347700963F14 /* TaskScheduler */,
				F7C6E1131E48347700963F14 /* Products */,
			);
			sourceTree = "<group>";
		};
		F7C6E1131E48347700963F14 /* Products */ = {
			isa = PBXGroup;
			children = (
				F7C6E1121E48347700963F14 /* TaskScheduler.app */,
			);
			name = Products;
			sourceTree = "<group>";
		};
		F7C6E1141E48347700963F14 /* TaskScheduler */ = {
			isa = PBXGroup;
			children = (
				F7C6E1151E48347700963F14 /* AppDelegate.swift */,
				F7C6E1171E48347700963F14 /* ViewController.swift */,
				F7165F221E4842E200A2955C /* CreateTaskViewController.swift */,
				F7165F241E4846D900A2955C /* SelectViewController.swift */,
				F7C6E1191E48347800963F14 /* Main.storyboard */,
				F7C6E1211E48347800963F14 /* LaunchScreen.storyboard */,
				F7C6E1241E48347800963F14 /* Info.plist */,
				F7C6E11F1E48347800963F14 /* Assets.xcassets */,
				F7C6E11C1E48347800963F14 /* TaskScheduler.xcdatamodeld */,
			);
			path = TaskScheduler;
			sourceTree = "<group>";
		};
/* End PBXGroup section */

/* Begin PBXNativeTarget section */
		F7C6E1111E48347700963F14 /* TaskScheduler */ = {
			isa = PBXNativeTarget;
			buildConfigurationList = F7C6E1271E48347800963F14 /* Build configuration list for PBXNativeTarget "TaskScheduler" */;
			buildPhases = (
				F7C6E10E1E48347700963F14 /* Sources */,
				F7C6E10F1E48347700963F14 /* Frameworks */,
				F7C6E1101E48347700963F14 /* Resources */,
			);
			buildRules = (
			);
			dependencies = (
			);
			name = TaskScheduler;
			productName = TaskScheduler;
			productReference = F7C6E1121E48347700963F14 /* TaskScheduler.app */;
			productType = "com.apple.product-type.application";
		};
/* End PBXNativeTarget section */

/* Begin PBXProject section */
		F7C6E10A1E48347700963F14 /* Project object */ = {
			isa = PBXProject;
			attributes = {
				LastSwiftUpdateCheck = 0820;
				LastUpgradeCheck = 0820;
				ORGANIZATIONNAME = "Orange Apps";
				TargetAttributes = {
					F7C6E1111E48347700963F14 = {
						CreatedOnToolsVersion = 8.2.1;
						DevelopmentTeam = 9X2593SH8B;
						ProvisioningStyle = Automatic;
					};
				};
			};
			buildConfigurationList = F7C6E10D1E48347700963F14 /* Build configuration list for PBXProject "TaskScheduler" */;
			compatibilityVersion = "Xcode 3.2";
			developmentRegion = English;
			hasScannedForEncodings = 0;
			knownRegions = (
				en,
				Base,
			);
			mainGroup = F7C6E1091E48347700963F14;
			productRefGroup = F7C6E1131E48347700963F14 /* Products */;
			projectDirPath = "";
			projectRoot = "";
			targets = (
				F7C6E1111E48347700963F14 /* TaskScheduler */,
			);
		};
/* End PBXProject section */

/* Begin PBXResourcesBuildPhase section */
		F7C6E1101E48347700963F14 /* Resources */ = {
			isa = PBXResourcesBuildPhase;
			buildActionMask = 2147483647;
			files = (
				F7C6E1231E48347800963F14 /* LaunchScreen.storyboard in Resources */,
				F7C6E1201E48347800963F14 /* Assets.xcassets in Resources */,
				F7C6E11B1E48347800963F14 /* Main.storyboard in Resources */,
			);
			runOnlyForDeploymentPostprocessing = 0;
		};
/* End PBXResourcesBuildPhase section */

/* Begin PBXSourcesBuildPhase section */
		F7C6E10E1E48347700963F14 /* Sources */ = {
			isa = PBXSourcesBuildPhase;
			buildActionMask = 2147483647;
			files = (
				F7C6E11E1E48347800963F14 /* TaskScheduler.xcdatamodeld in Sources */,
				F7C6E1181E48347700963F14 /* ViewController.swift in Sources */,
				F7C6E1161E48347700963F14 /* AppDelegate.swift in Sources */,
				F7165F251E4846D900A2955C /* SelectViewController.swift in Sources */,
				F7165F231E4842E200A2955C /* CreateTaskViewController.swift in Sources */,
			);
			runOnlyForDeploymentPostprocessing = 0;
		};
/* End PBXSourcesBuildPhase section */

/* Begin PBXVariantGroup section */
		F7C6E1191E48347800963F14 /* Main.storyboard */ = {
			isa = PBXVariantGroup;
			children = (
				F7C6E11A1E48347800963F14 /* Base */,
			);
			name = Main.storyboard;
			sourceTree = "<group>";
		};
		F7C6E1211E48347800963F14 /* LaunchScreen.storyboard */ = {
			isa = PBXVariantGroup;
			children = (
				F7C6E1221E48347800963F14 /* Base */,
			);
			name = LaunchScreen.storyboard;
			sourceTree = "<group>";
		};
/* End PBXVariantGroup section */

/* Begin XCBuildConfiguration section */
		F7C6E1251E48347800963F14 /* Debug */ = {
			isa = XCBuildConfiguration;
			buildSettings = {
				ALWAYS_SEARCH_USER_PATHS = NO;
				CLANG_ANALYZER_NONNULL = YES;
				CLANG_CXX_LANGUAGE_STANDARD = "gnu++0x";
				CLANG_CXX_LIBRARY = "libc++";
				CLANG_ENABLE_MODULES = YES;
				CLANG_ENABLE_OBJC_ARC = YES;
				CLANG_WARN_BOOL_CONVERSION = YES;
				CLANG_WARN_CONSTANT_CONVERSION = YES;
				CLANG_WARN_DIRECT_OBJC_ISA_USAGE = YES_ERROR;
				CLANG_WARN_DOCUMENTATION_COMMENTS = YES;
				CLANG_WARN_EMPTY_BODY = YES;
				CLANG_WARN_ENUM_CONVERSION = YES;
				CLANG_WARN_INFINITE_RECURSION = YES;
				CLANG_WARN_INT_CONVERSION = YES;
				CLANG_WARN_OBJC_ROOT_CLASS = YES_ERROR;
				CLANG_WARN_SUSPICIOUS_MOVE = YES;
				CLANG_WARN_UNREACHABLE_CODE = YES;
				CLANG_WARN__DUPLICATE_METHOD_MATCH = YES;
				"CODE_SIGN_IDENTITY[sdk=iphoneos*]" = "iPhone Developer";
				COPY_PHASE_STRIP = NO;
				DEBUG_INFORMATION_FORMAT = dwarf;
				ENABLE_STRICT_OBJC_MSGSEND = YES;
				ENABLE_TESTABILITY = YES;
				GCC_C_LANGUAGE_STANDARD = gnu99;
				GCC_DYNAMIC_NO_PIC = NO;
				GCC_NO_COMMON_BLOCKS = YES;
				GCC_OPTIMIZATION_LEVEL = 0;
				GCC_PREPROCESSOR_DEFINITIONS = (
					"DEBUG=1",
					"$(inherited)",
				);
				GCC_WARN_64_TO_32_BIT_CONVERSION = YES;
				GCC_WARN_ABOUT_RETURN_TYPE = YES_ERROR;
				GCC_WARN_UNDECLARED_SELECTOR = YES;
				GCC_WARN_UNINITIALIZED_AUTOS = YES_AGGRESSIVE;
				GCC_WARN_UNUSED_FUNCTION = YES;
				GCC_WARN_UNUSED_VARIABLE = YES;
				IPHONEOS_DEPLOYMENT_TARGET = 10.2;
				MTL_ENABLE_DEBUG_INFO = YES;
				ONLY_ACTIVE_ARCH = YES;
				SDKROOT = iphoneos;
				SWIFT_ACTIVE_COMPILATION_CONDITIONS = DEBUG;
				SWIFT_OPTIMIZATION_LEVEL = "-Onone";
			};
			name = Debug;
		};
		F7C6E1261E48347800963F14 /* Release */ = {
			isa = XCBuildConfiguration;
			buildSettings = {
				ALWAYS_SEARCH_USER_PATHS = NO;
				CLANG_ANALYZER_NONNULL = YES;
				CLANG_CXX_LANGUAGE_STANDARD = "gnu++0x";
				CLANG_CXX_LIBRARY = "libc++";
				CLANG_ENABLE_MODULES = YES;
				CLANG_ENABLE_OBJC_ARC = YES;
				CLANG_WARN_BOOL_CONVERSION = YES;
				CLANG_WARN_CONSTANT_CONVERSION = YES;
				CLANG_WARN_DIRECT_OBJC_ISA_USAGE = YES_ERROR;
				CLANG_WARN_DOCUMENTATION_COMMENTS = YES;
				CLANG_WARN_EMPTY_BODY = YES;
				CLANG_WARN_ENUM_CONVERSION = YES;
				CLANG_WARN_INFINITE_RECURSION = YES;
				CLANG_WARN_INT_CONVERSION = YES;
				CLANG_WARN_OBJC_ROOT_CLASS = YES_ERROR;
				CLANG_WARN_SUSPICIOUS_MOVE = YES;
				CLANG_WARN_UNREACHABLE_CODE = YES;
				CLANG_WARN__DUPLICATE_METHOD_MATCH = YES;
				"CODE_SIGN_IDENTITY[sdk=iphoneos*]" = "iPhone Developer";
				COPY_PHASE_STRIP = NO;
				DEBUG_INFORMATION_FORMAT = "dwarf-with-dsym";
				ENABLE_NS_ASSERTIONS = NO;
				ENABLE_STRICT_OBJC_MSGSEND = YES;
				GCC_C_LANGUAGE_STANDARD = gnu99;
				GCC_NO_COMMON_BLOCKS = YES;
				GCC_WARN_64_TO_32_BIT_CONVERSION = YES;
				GCC_WARN_ABOUT_RETURN_TYPE = YES_ERROR;
				GCC_WARN_UNDECLARED_SELECTOR = YES;
				GCC_WARN_UNINITIALIZED_AUTOS = YES_AGGRESSIVE;
				GCC_WARN_UNUSED_FUNCTION = YES;
				GCC_WARN_UNUSED_VARIABLE = YES;
				IPHONEOS_DEPLOYMENT_TARGET = 10.2;
				MTL_ENABLE_DEBUG_INFO = NO;
				SDKROOT = iphoneos;
				SWIFT_OPTIMIZATION_LEVEL = "-Owholemodule";
				VALIDATE_PRODUCT = YES;
			};
			name = Release;
		};
		F7C6E1281E48347800963F14 /* Debug */ = {
			isa = XCBuildConfiguration;
			buildSettings = {
				ASSETCATALOG_COMPILER_APPICON_NAME = AppIcon;
				DEVELOPMENT_TEAM = 9X2593SH8B;
				INFOPLIST_FILE = TaskScheduler/Info.plist;
				LD_RUNPATH_SEARCH_PATHS = "$(inherited) @executable_path/Frameworks";
				PRODUCT_BUNDLE_IDENTIFIER = com.system.TaskScheduler;
				PRODUCT_NAME = "$(TARGET_NAME)";
				SWIFT_VERSION = 3.0;
			};
			name = Debug;
		};
		F7C6E1291E48347800963F14 /* Release */ = {
			isa = XCBuildConfiguration;
			buildSettings = {
				ASSETCATALOG_COMPILER_APPICON_NAME = AppIcon;
				DEVELOPMENT_TEAM = 9X2593SH8B;
				INFOPLIST_FILE = TaskScheduler/Info.plist;
				LD_RUNPATH_SEARCH_PATHS = "$(inherited) @executable_path/Frameworks";
				PRODUCT_BUNDLE_IDENTIFIER = com.system.TaskScheduler;
				PRODUCT_NAME = "$(TARGET_NAME)";
				SWIFT_VERSION = 3.0;
			};
			name = Release;
		};
/* End XCBuildConfiguration section */

/* Begin XCConfigurationList section */
		F7C6E10D1E48347700963F14 /* Build configuration list for PBXProject "TaskScheduler" */ = {
			isa = XCConfigurationList;
			buildConfigurations = (
				F7C6E1251E48347800963F14 /* Debug */,
				F7C6E1261E48347800963F14 /* Release */,
			);
			defaultConfigurationIsVisible = 0;
			defaultConfigurationName = Release;
		};
		F7C6E1271E48347800963F14 /* Build configuration list for PBXNativeTarget "TaskScheduler" */ = {
			isa = XCConfigurationList;
			buildConfigurations = (
				F7C6E1281E48347800963F14 /* Debug */,
				F7C6E1291E48347800963F14 /* Release */,
			);
			defaultConfigurationIsVisible = 0;
			defaultConfigurationName = Release;
		};
/* End XCConfigurationList section */

/* Begin XCVersionGroup section */
		F7C6E11C1E48347800963F14 /* TaskScheduler.xcdatamodeld */ = {
			isa = XCVersionGroup;
			children = (
				F7C6E11D1E48347800963F14 /* TaskScheduler.xcdatamodel */,
			);
			currentVersion = F7C6E11D1E48347800963F14 /* TaskScheduler.xcdatamodel */;
			path = TaskScheduler.xcdatamodeld;
			sourceTree = "<group>";
			versionGroupType = wrapper.xcdatamodel;
		};
/* End XCVersionGroup section */
	};
	rootObject = F7C6E10A1E48347700963F14 /* Project object */;
}
